// !$*UTF8*$!
{
	archiveVersion = 1;
	classes = {
	};
	objectVersion = 50;
	objects = {

/* Begin PBXBuildFile section */
		600D58D7267A182100875715 /* AppDelegate.swift in Sources */ = {isa = PBXBuildFile; fileRef = 600D58D6267A182100875715 /* AppDelegate.swift */; };
		600D58D9267A182100875715 /* SceneDelegate.swift in Sources */ = {isa = PBXBuildFile; fileRef = 600D58D8267A182100875715 /* SceneDelegate.swift */; };
		600D58DB267A182100875715 /* ViewController.swift in Sources */ = {isa = PBXBuildFile; fileRef = 600D58DA267A182100875715 /* ViewController.swift */; };
		600D58DE267A182100875715 /* Main.storyboard in Resources */ = {isa = PBXBuildFile; fileRef = 600D58DC267A182100875715 /* Main.storyboard */; };
		600D58E0267A182200875715 /* Assets.xcassets in Resources */ = {isa = PBXBuildFile; fileRef = 600D58DF267A182200875715 /* Assets.xcassets */; };
		600D58E3267A182200875715 /* LaunchScreen.storyboard in Resources */ = {isa = PBXBuildFile; fileRef = 600D58E1267A182200875715 /* LaunchScreen.storyboard */; };
		600D58EF267A198E00875715 /* Delm-Medium.otf in Resources */ = {isa = PBXBuildFile; fileRef = 600D58ED267A198E00875715 /* Delm-Medium.otf */; };
		600D58F0267A198E00875715 /* ThirstySoftRegular.otf in Resources */ = {isa = PBXBuildFile; fileRef = 600D58EE267A198E00875715 /* ThirstySoftRegular.otf */; };
/* End PBXBuildFile section */

/* Begin PBXFileReference section */
		600D58D3267A182100875715 /* P04_01_Instagrid.app */ = {isa = PBXFileReference; explicitFileType = wrapper.application; includeInIndex = 0; path = P04_01_Instagrid.app; sourceTree = BUILT_PRODUCTS_DIR; };
		600D58D6267A182100875715 /* AppDelegate.swift */ = {isa = PBXFileReference; lastKnownFileType = sourcecode.swift; path = AppDelegate.swift; sourceTree = "<group>"; };
		600D58D8267A182100875715 /* SceneDelegate.swift */ = {isa = PBXFileReference; lastKnownFileType = sourcecode.swift; path = SceneDelegate.swift; sourceTree = "<group>"; };
		600D58DA267A182100875715 /* ViewController.swift */ = {isa = PBXFileReference; lastKnownFileType = sourcecode.swift; path = ViewController.swift; sourceTree = "<group>"; };
		600D58DD267A182100875715 /* Base */ = {isa = PBXFileReference; lastKnownFileType = file.storyboard; name = Base; path = Base.lproj/Main.storyboard; sourceTree = "<group>"; };
		600D58DF267A182200875715 /* Assets.xcassets */ = {isa = PBXFileReference; lastKnownFileType = folder.assetcatalog; path = Assets.xcassets; sourceTree = "<group>"; };
		600D58E2267A182200875715 /* Base */ = {isa = PBXFileReference; lastKnownFileType = file.storyboard; name = Base; path = Base.lproj/LaunchScreen.storyboard; sourceTree = "<group>"; };
		600D58E4267A182200875715 /* Info.plist */ = {isa = PBXFileReference; lastKnownFileType = text.plist.xml; path = Info.plist; sourceTree = "<group>"; };
		600D58ED267A198E00875715 /* Delm-Medium.otf */ = {isa = PBXFileReference; lastKnownFileType = file; path = "Delm-Medium.otf"; sourceTree = "<group>"; };
		600D58EE267A198E00875715 /* ThirstySoftRegular.otf */ = {isa = PBXFileReference; lastKnownFileType = file; path = ThirstySoftRegular.otf; sourceTree = "<group>"; };
/* End PBXFileReference section */

/* Begin PBXFrameworksBuildPhase section */
		600D58D0267A182100875715 /* Frameworks */ = {
			isa = PBXFrameworksBuildPhase;
			buildActionMask = 2147483647;
			files = (
			);
			runOnlyForDeploymentPostprocessing = 0;
		};
/* End PBXFrameworksBuildPhase section */

/* Begin PBXGroup section */
		600D58CA267A182100875715 = {
			isa = PBXGroup;
			children = (
				600D58D5267A182100875715 /* P04_01_Instagrid */,
				600D58D4267A182100875715 /* Products */,
			);
			sourceTree = "<group>";
		};
		600D58D4267A182100875715 /* Products */ = {
			isa = PBXGroup;
			children = (
				600D58D3267A182100875715 /* P04_01_Instagrid.app */,
			);
			name = Products;
			sourceTree = "<group>";
		};
		600D58D5267A182100875715 /* P04_01_Instagrid */ = {
			isa = PBXGroup;
			children = (
				600D58EC267A194800875715 /* View */,
				600D58EB267A193F00875715 /* Controller */,
				600D58EA267A193200875715 /* SupportingFIles */,
				600D58DF267A182200875715 /* Assets.xcassets */,
				600D58E4267A182200875715 /* Info.plist */,
			);
			path = P04_01_Instagrid;
			sourceTree = "<group>";
		};
		600D58EA267A193200875715 /* SupportingFIles */ = {
			isa = PBXGroup;
			children = (
				600D58D6267A182100875715 /* AppDelegate.swift */,
				600D58D8267A182100875715 /* SceneDelegate.swift */,
				600D58ED267A198E00875715 /* Delm-Medium.otf */,
				600D58EE267A198E00875715 /* ThirstySoftRegular.otf */,
			);
			path = SupportingFIles;
			sourceTree = "<group>";
		};
		600D58EB267A193F00875715 /* Controller */ = {
			isa = PBXGroup;
			children = (
				600D58DA267A182100875715 /* ViewController.swift */,
			);
			path = Controller;
			sourceTree = "<group>";
		};
		600D58EC267A194800875715 /* View */ = {
			isa = PBXGroup;
			children = (
				600D58DC267A182100875715 /* Main.storyboard */,
				600D58E1267A182200875715 /* LaunchScreen.storyboard */,
			);
			path = View;
			sourceTree = "<group>";
		};
/* End PBXGroup section */

/* Begin PBXNativeTarget section */
		600D58D2267A182100875715 /* P04_01_Instagrid */ = {
			isa = PBXNativeTarget;
			buildConfigurationList = 600D58E7267A182200875715 /* Build configuration list for PBXNativeTarget "P04_01_Instagrid" */;
			buildPhases = (
				600D58CF267A182100875715 /* Sources */,
				600D58D0267A182100875715 /* Frameworks */,
				600D58D1267A182100875715 /* Resources */,
			);
			buildRules = (
			);
			dependencies = (
			);
			name = P04_01_Instagrid;
			productName = P04_01_Instagrid;
			productReference = 600D58D3267A182100875715 /* P04_01_Instagrid.app */;
			productType = "com.apple.product-type.application";
		};
/* End PBXNativeTarget section */

/* Begin PBXProject section */
		600D58CB267A182100875715 /* Project object */ = {
			isa = PBXProject;
			attributes = {
				LastSwiftUpdateCheck = 1250;
				LastUpgradeCheck = 1250;
				TargetAttributes = {
					600D58D2267A182100875715 = {
						CreatedOnToolsVersion = 12.5;
					};
				};
			};
			buildConfigurationList = 600D58CE267A182100875715 /* Build configuration list for PBXProject "P04_01_Instagrid" */;
			compatibilityVersion = "Xcode 9.3";
			developmentRegion = en;
			hasScannedForEncodings = 0;
			knownRegions = (
				en,
				Base,
			);
			mainGroup = 600D58CA267A182100875715;
			productRefGroup = 600D58D4267A182100875715 /* Products */;
			projectDirPath = "";
			projectRoot = "";
			targets = (
				600D58D2267A182100875715 /* P04_01_Instagrid */,
			);
		};
/* End PBXProject section */

/* Begin PBXResourcesBuildPhase section */
		600D58D1267A182100875715 /* Resources */ = {
			isa = PBXResourcesBuildPhase;
			buildActionMask = 2147483647;
			files = (
				600D58E3267A182200875715 /* LaunchScreen.storyboard in Resources */,
				600D58E0267A182200875715 /* Assets.xcassets in Resources */,
				600D58F0267A198E00875715 /* ThirstySoftRegular.otf in Resources */,
				600D58EF267A198E00875715 /* Delm-Medium.otf in Resources */,
				600D58DE267A182100875715 /* Main.storyboard in Resources */,
			);
			runOnlyForDeploymentPostprocessing = 0;
		};
/* End PBXResourcesBuildPhase section */

/* Begin PBXSourcesBuildPhase section */
		600D58CF267A182100875715 /* Sources */ = {
			isa = PBXSourcesBuildPhase;
			buildActionMask = 2147483647;
			files = (
				600D58DB267A182100875715 /* ViewController.swift in Sources */,
				600D58D7267A182100875715 /* AppDelegate.swift in Sources */,
				600D58D9267A182100875715 /* SceneDelegate.swift in Sources */,
			);
			runOnlyForDeploymentPostprocessing = 0;
		};
/* End PBXSourcesBuildPhase section */

/* Begin PBXVariantGroup section */
		600D58DC267A182100875715 /* Main.storyboard */ = {
			isa = PBXVariantGroup;
			children = (
				600D58DD267A182100875715 /* Base */,
			);
			name = Main.storyboard;
			sourceTree = "<group>";
		};
		600D58E1267A182200875715 /* LaunchScreen.storyboard */ = {
			isa = PBXVariantGroup;
			children = (
				600D58E2267A182200875715 /* Base */,
			);
			name = LaunchScreen.storyboard;
			sourceTree = "<group>";
		};
/* End PBXVariantGroup section */

/* Begin XCBuildConfiguration section */
		600D58E5267A182200875715 /* Debug */ = {
			isa = XCBuildConfiguration;
			buildSettings = {
				ALWAYS_SEARCH_USER_PATHS = NO;
				CLANG_ANALYZER_NONNULL = YES;
				CLANG_ANALYZER_NUMBER_OBJECT_CONVERSION = YES_AGGRESSIVE;
				CLANG_CXX_LANGUAGE_STANDARD = "gnu++14";
				CLANG_CXX_LIBRARY = "libc++";
				CLANG_ENABLE_MODULES = YES;
				CLANG_ENABLE_OBJC_ARC = YES;
				CLANG_ENABLE_OBJC_WEAK = YES;
				CLANG_WARN_BLOCK_CAPTURE_AUTORELEASING = YES;
				CLANG_WARN_BOOL_CONVERSION = YES;
				CLANG_WARN_COMMA = YES;
				CLANG_WARN_CONSTANT_CONVERSION = YES;
				CLANG_WARN_DEPRECATED_OBJC_IMPLEMENTATIONS = YES;
				CLANG_WARN_DIRECT_OBJC_ISA_USAGE = YES_ERROR;
				CLANG_WARN_DOCUMENTATION_COMMENTS = YES;
				CLANG_WARN_EMPTY_BODY = YES;
				CLANG_WARN_ENUM_CONVERSION = YES;
				CLANG_WARN_INFINITE_RECURSION = YES;
				CLANG_WARN_INT_CONVERSION = YES;
				CLANG_WARN_NON_LITERAL_NULL_CONVERSION = YES;
				CLANG_WARN_OBJC_IMPLICIT_RETAIN_SELF = YES;
				CLANG_WARN_OBJC_LITERAL_CONVERSION = YES;
				CLANG_WARN_OBJC_ROOT_CLASS = YES_ERROR;
				CLANG_WARN_QUOTED_INCLUDE_IN_FRAMEWORK_HEADER = YES;
				CLANG_WARN_RANGE_LOOP_ANALYSIS = YES;
				CLANG_WARN_STRICT_PROTOTYPES = YES;
				CLANG_WARN_SUSPICIOUS_MOVE = YES;
				CLANG_WARN_UNGUARDED_AVAILABILITY = YES_AGGRESSIVE;
				CLANG_WARN_UNREACHABLE_CODE = YES;
				CLANG_WARN__DUPLICATE_METHOD_MATCH = YES;
				COPY_PHASE_STRIP = NO;
				DEBUG_INFORMATION_FORMAT = dwarf;
				ENABLE_STRICT_OBJC_MSGSEND = YES;
				ENABLE_TESTABILITY = YES;
				GCC_C_LANGUAGE_STANDARD = gnu11;
				GCC_DYNAMIC_NO_PIC = NO;
				GCC_NO_COMMON_BLOCKS = YES;
				GCC_OPTIMIZATION_LEVEL = 0;
				GCC_PREPROCESSOR_DEFINITIONS = (
					"DEBUG=1",
					"$(inherited)",
				);
				GCC_WARN_64_TO_32_BIT_CONVERSION = YES;
				GCC_WARN_ABOUT_RETURN_TYPE = YES_ERROR;
				GCC_WARN_UNDECLARED_SELECTOR = YES;
				GCC_WARN_UNINITIALIZED_AUTOS = YES_AGGRESSIVE;
				GCC_WARN_UNUSED_FUNCTION = YES;
				GCC_WARN_UNUSED_VARIABLE = YES;
				IPHONEOS_DEPLOYMENT_TARGET = 11.4;
				MTL_ENABLE_DEBUG_INFO = INCLUDE_SOURCE;
				MTL_FAST_MATH = YES;
				ONLY_ACTIVE_ARCH = YES;
				SDKROOT = iphoneos;
				SWIFT_ACTIVE_COMPILATION_CONDITIONS = DEBUG;
				SWIFT_OPTIMIZATION_LEVEL = "-Onone";
			};
			name = Debug;
		};
		600D58E6267A182200875715 /* Release */ = {
			isa = XCBuildConfiguration;
			buildSettings = {
				ALWAYS_SEARCH_USER_PATHS = NO;
				CLANG_ANALYZER_NONNULL = YES;
				CLANG_ANALYZER_NUMBER_OBJECT_CONVERSION = YES_AGGRESSIVE;
				CLANG_CXX_LANGUAGE_STANDARD = "gnu++14";
				CLANG_CXX_LIBRARY = "libc++";
				CLANG_ENABLE_MODULES = YES;
				CLANG_ENABLE_OBJC_ARC = YES;
				CLANG_ENABLE_OBJC_WEAK = YES;
				CLANG_WARN_BLOCK_CAPTURE_AUTORELEASING = YES;
				CLANG_WARN_BOOL_CONVERSION = YES;
				CLANG_WARN_COMMA = YES;
				CLANG_WARN_CONSTANT_CONVERSION = YES;
				CLANG_WARN_DEPRECATED_OBJC_IMPLEMENTATIONS = YES;
				CLANG_WARN_DIRECT_OBJC_ISA_USAGE = YES_ERROR;
				CLANG_WARN_DOCUMENTATION_COMMENTS = YES;
				CLANG_WARN_EMPTY_BODY = YES;
				CLANG_WARN_ENUM_CONVERSION = YES;
				CLANG_WARN_INFINITE_RECURSION = YES;
				CLANG_WARN_INT_CONVERSION = YES;
				CLANG_WARN_NON_LITERAL_NULL_CONVERSION = YES;
				CLANG_WARN_OBJC_IMPLICIT_RETAIN_SELF = YES;
				CLANG_WARN_OBJC_LITERAL_CONVERSION = YES;
				CLANG_WARN_OBJC_ROOT_CLASS = YES_ERROR;
				CLANG_WARN_QUOTED_INCLUDE_IN_FRAMEWORK_HEADER = YES;
				CLANG_WARN_RANGE_LOOP_ANALYSIS = YES;
				CLANG_WARN_STRICT_PROTOTYPES = YES;
				CLANG_WARN_SUSPICIOUS_MOVE = YES;
				CLANG_WARN_UNGUARDED_AVAILABILITY = YES_AGGRESSIVE;
				CLANG_WARN_UNREACHABLE_CODE = YES;
				CLANG_WARN__DUPLICATE_METHOD_MATCH = YES;
				COPY_PHASE_STRIP = NO;
				DEBUG_INFORMATION_FORMAT = "dwarf-with-dsym";
				ENABLE_NS_ASSERTIONS = NO;
				ENABLE_STRICT_OBJC_MSGSEND = YES;
				GCC_C_LANGUAGE_STANDARD = gnu11;
				GCC_NO_COMMON_BLOCKS = YES;
				GCC_WARN_64_TO_32_BIT_CONVERSION = YES;
				GCC_WARN_ABOUT_RETURN_TYPE = YES_ERROR;
				GCC_WARN_UNDECLARED_SELECTOR = YES;
				GCC_WARN_UNINITIALIZED_AUTOS = YES_AGGRESSIVE;
				GCC_WARN_UNUSED_FUNCTION = YES;
				GCC_WARN_UNUSED_VARIABLE = YES;
				IPHONEOS_DEPLOYMENT_TARGET = 11.4;
				MTL_ENABLE_DEBUG_INFO = NO;
				MTL_FAST_MATH = YES;
				SDKROOT = iphoneos;
				SWIFT_COMPILATION_MODE = wholemodule;
				SWIFT_OPTIMIZATION_LEVEL = "-O";
				VALIDATE_PRODUCT = YES;
			};
			name = Release;
		};
		600D58E8267A182200875715 /* Debug */ = {
			isa = XCBuildConfiguration;
			buildSettings = {
				ASSETCATALOG_COMPILER_APPICON_NAME = AppIcon;
				ASSETCATALOG_COMPILER_GLOBAL_ACCENT_COLOR_NAME = AccentColor;
				CODE_SIGN_STYLE = Automatic;
				DEVELOPMENT_TEAM = 4449N9T968;
				INFOPLIST_FILE = P04_01_Instagrid/Info.plist;
				LD_RUNPATH_SEARCH_PATHS = (
					"$(inherited)",
					"@executable_path/Frameworks",
				);
				PRODUCT_BUNDLE_IDENTIFIER = "TomF.P04-01-Instagrid";
				PRODUCT_NAME = "$(TARGET_NAME)";
				SWIFT_VERSION = 5.0;
				TARGETED_DEVICE_FAMILY = 1;
			};
			name = Debug;
		};
		600D58E9267A182200875715 /* Release */ = {
			isa = XCBuildConfiguration;
			buildSettings = {
				ASSETCATALOG_COMPILER_APPICON_NAME = AppIcon;
				ASSETCATALOG_COMPILER_GLOBAL_ACCENT_COLOR_NAME = AccentColor;
				CODE_SIGN_STYLE = Automatic;
				DEVELOPMENT_TEAM = 4449N9T968;
				INFOPLIST_FILE = P04_01_Instagrid/Info.plist;
				LD_RUNPATH_SEARCH_PATHS = (
					"$(inherited)",
					"@executable_path/Frameworks",
				);
				PRODUCT_BUNDLE_IDENTIFIER = "TomF.P04-01-Instagrid";
				PRODUCT_NAME = "$(TARGET_NAME)";
				SWIFT_VERSION = 5.0;
				TARGETED_DEVICE_FAMILY = 1;
			};
			name = Release;
		};
/* End XCBuildConfiguration section */

/* Begin XCConfigurationList section */
		600D58CE267A182100875715 /* Build configuration list for PBXProject "P04_01_Instagrid" */ = {
			isa = XCConfigurationList;
			buildConfigurations = (
				600D58E5267A182200875715 /* Debug */,
				600D58E6267A182200875715 /* Release */,
			);
			defaultConfigurationIsVisible = 0;
			defaultConfigurationName = Release;
		};
		600D58E7267A182200875715 /* Build configuration list for PBXNativeTarget "P04_01_Instagrid" */ = {
			isa = XCConfigurationList;
			buildConfigurations = (
				600D58E8267A182200875715 /* Debug */,
				600D58E9267A182200875715 /* Release */,
			);
			defaultConfigurationIsVisible = 0;
			defaultConfigurationName = Release;
		};
/* End XCConfigurationList section */
	};
	rootObject = 600D58CB267A182100875715 /* Project object */;
}
